
Microsoft Visual Studio Solution File, Format Version 12.00
# Visual Studio 14
VisualStudioVersion = 14.0.24720.0
MinimumVisualStudioVersion = 10.0.40219.1
Project("{2150E333-8FDC-42A3-9474-1A3956D46DE8}") = "src", "src", "{A1C052D8-9DA0-45C3-B8EA-A66E02F616C7}"
EndProject
Project("{2150E333-8FDC-42A3-9474-1A3956D46DE8}") = "Solution Items", "Solution Items", "{715AC118-E228-4928-9566-8B032D79B6F8}"
	ProjectSection(SolutionItems) = preProject
		global.json = global.json
	EndProjectSection
EndProject
Project("{8BB2217D-0F2D-49D1-97BC-3654ED321F3B}") = "ScaffoldTestDnx", "src\ScaffoldTestDnx\ScaffoldTestDnx.xproj", "{ED490AEB-8466-46DF-869A-C447D902BE2E}"
EndProject
Global
	GlobalSection(SolutionConfigurationPlatforms) = preSolution
		Debug|Any CPU = Debug|Any CPU
		Release|Any CPU = Release|Any CPU
	EndGlobalSection
	GlobalSection(ProjectConfigurationPlatforms) = postSolution
		{ED490AEB-8466-46DF-869A-C447D902BE2E}.Debug|Any CPU.ActiveCfg = Debug|Any CPU
		{ED490AEB-8466-46DF-869A-C447D902BE2E}.Debug|Any CPU.Build.0 = Debug|Any CPU
		{ED490AEB-8466-46DF-869A-C447D902BE2E}.Release|Any CPU.ActiveCfg = Release|Any CPU
		{ED490AEB-8466-46DF-869A-C447D902BE2E}.Release|Any CPU.Build.0 = Release|Any CPU
	EndGlobalSection
	GlobalSection(SolutionProperties) = preSolution
		HideSolutionNode = FALSE
	EndGlobalSection
	GlobalSection(NestedProjects) = preSolution
		{ED490AEB-8466-46DF-869A-C447D902BE2E} = {A1C052D8-9DA0-45C3-B8EA-A66E02F616C7}
	EndGlobalSection
EndGlobal
